
Microsoft Visual Studio Solution File, Format Version 12.00
# Visual Studio Version 16
VisualStudioVersion = 16.0.30011.22
MinimumVisualStudioVersion = 10.0.40219.1
Project("{8BC9CEB8-8B4A-11D0-8D11-00A0C91BC942}") = "SNRegression", "SNRegression\SNRegression.vcxproj", "{D8022E09-6C1E-4B7F-B57E-A2AA526FE09A}"
EndProject
Project("{8BC9CEB8-8B4A-11D0-8D11-00A0C91BC942}") = "SNMNIST", "SNMNIST\SNMNIST.vcxproj", "{23C21B3C-3C7B-4878-9AB3-D5D00DDB5E87}"
EndProject
Project("{8BC9CEB8-8B4A-11D0-8D11-00A0C91BC942}") = "SNLogic", "SNLogic\SNLogic.vcxproj", "{E296A10D-C0E0-422E-99F5-2D4D3854F41D}"
EndProject
Project("{8BC9CEB8-8B4A-11D0-8D11-00A0C91BC942}") = "SNMulticlass", "SNMulticlass\SNMulticlass.vcxproj", "{C187B921-D6A2-41FF-B881-C5EFC379C457}"
EndProject
Project("{8BC9CEB8-8B4A-11D0-8D11-00A0C91BC942}") = "SNCVMNIST", "SNCVMNIST\SNCVMNIST.vcxproj", "{30731632-95CB-4C9E-B83A-6FC28A630A18}"
EndProject
Project("{8BC9CEB8-8B4A-11D0-8D11-00A0C91BC942}") = "algors", "algors\algors.vcxproj", "{7B1C774B-FEB8-4011-B5E5-7B18F384C350}"
EndProject
Project("{8BC9CEB8-8B4A-11D0-8D11-00A0C91BC942}") = "SmartCor", "SmartCor\SmartCor.vcxproj", "{440AAB0A-F251-4A78-AA39-F7927183141F}"
EndProject
Project("{8BC9CEB8-8B4A-11D0-8D11-00A0C91BC942}") = "SelectSearch", "SelectSearch\SelectSearch.vcxproj", "{CDE9EC24-A226-44EC-932D-BAF34D960890}"
EndProject
Project("{8BC9CEB8-8B4A-11D0-8D11-00A0C91BC942}") = "SNSearch", "SNSearch\SNSearch.vcxproj", "{E772631E-0CDB-4E13-A139-80CBF1D085E2}"
EndProject
Project("{8BC9CEB8-8B4A-11D0-8D11-00A0C91BC942}") = "SNBranchMNIST", "SNBranchMNIST\SNBranchMNIST.vcxproj", "{96E72EF7-AC2A-4AA7-BF82-62891ADF9274}"
EndProject
Project("{8BC9CEB8-8B4A-11D0-8D11-00A0C91BC942}") = "SNGen1", "SNGen1\SNGen1.vcxproj", "{3B3FA8B2-98AF-4DF7-AA61-9E6DA103BC20}"
EndProject
Global
	GlobalSection(SolutionConfigurationPlatforms) = preSolution
		Debug|x64 = Debug|x64
		Debug|x86 = Debug|x86
		Release|x64 = Release|x64
		Release|x86 = Release|x86
	EndGlobalSection
	GlobalSection(ProjectConfigurationPlatforms) = postSolution
		{D8022E09-6C1E-4B7F-B57E-A2AA526FE09A}.Debug|x64.ActiveCfg = Debug|x64
		{D8022E09-6C1E-4B7F-B57E-A2AA526FE09A}.Debug|x64.Build.0 = Debug|x64
		{D8022E09-6C1E-4B7F-B57E-A2AA526FE09A}.Debug|x86.ActiveCfg = Debug|Win32
		{D8022E09-6C1E-4B7F-B57E-A2AA526FE09A}.Debug|x86.Build.0 = Debug|Win32
		{D8022E09-6C1E-4B7F-B57E-A2AA526FE09A}.Release|x64.ActiveCfg = Release|x64
		{D8022E09-6C1E-4B7F-B57E-A2AA526FE09A}.Release|x64.Build.0 = Release|x64
		{D8022E09-6C1E-4B7F-B57E-A2AA526FE09A}.Release|x86.ActiveCfg = Release|Win32
		{D8022E09-6C1E-4B7F-B57E-A2AA526FE09A}.Release|x86.Build.0 = Release|Win32
		{23C21B3C-3C7B-4878-9AB3-D5D00DDB5E87}.Debug|x64.ActiveCfg = Debug|x64
		{23C21B3C-3C7B-4878-9AB3-D5D00DDB5E87}.Debug|x64.Build.0 = Debug|x64
		{23C21B3C-3C7B-4878-9AB3-D5D00DDB5E87}.Debug|x86.ActiveCfg = Debug|Win32
		{23C21B3C-3C7B-4878-9AB3-D5D00DDB5E87}.Debug|x86.Build.0 = Debug|Win32
		{23C21B3C-3C7B-4878-9AB3-D5D00DDB5E87}.Release|x64.ActiveCfg = Release|x64
		{23C21B3C-3C7B-4878-9AB3-D5D00DDB5E87}.Release|x64.Build.0 = Release|x64
		{23C21B3C-3C7B-4878-9AB3-D5D00DDB5E87}.Release|x86.ActiveCfg = Release|Win32
		{23C21B3C-3C7B-4878-9AB3-D5D00DDB5E87}.Release|x86.Build.0 = Release|Win32
		{E296A10D-C0E0-422E-99F5-2D4D3854F41D}.Debug|x64.ActiveCfg = Debug|x64
		{E296A10D-C0E0-422E-99F5-2D4D3854F41D}.Debug|x64.Build.0 = Debug|x64
		{E296A10D-C0E0-422E-99F5-2D4D3854F41D}.Debug|x86.ActiveCfg = Debug|Win32
		{E296A10D-C0E0-422E-99F5-2D4D3854F41D}.Debug|x86.Build.0 = Debug|Win32
		{E296A10D-C0E0-422E-99F5-2D4D3854F41D}.Release|x64.ActiveCfg = Release|x64
		{E296A10D-C0E0-422E-99F5-2D4D3854F41D}.Release|x64.Build.0 = Release|x64
		{E296A10D-C0E0-422E-99F5-2D4D3854F41D}.Release|x86.ActiveCfg = Release|Win32
		{E296A10D-C0E0-422E-99F5-2D4D3854F41D}.Release|x86.Build.0 = Release|Win32
		{C187B921-D6A2-41FF-B881-C5EFC379C457}.Debug|x64.ActiveCfg = Debug|x64
		{C187B921-D6A2-41FF-B881-C5EFC379C457}.Debug|x64.Build.0 = Debug|x64
		{C187B921-D6A2-41FF-B881-C5EFC379C457}.Debug|x86.ActiveCfg = Debug|Win32
		{C187B921-D6A2-41FF-B881-C5EFC379C457}.Debug|x86.Build.0 = Debug|Win32
		{C187B921-D6A2-41FF-B881-C5EFC379C457}.Release|x64.ActiveCfg = Release|x64
		{C187B921-D6A2-41FF-B881-C5EFC379C457}.Release|x64.Build.0 = Release|x64
		{C187B921-D6A2-41FF-B881-C5EFC379C457}.Release|x86.ActiveCfg = Release|Win32
		{C187B921-D6A2-41FF-B881-C5EFC379C457}.Release|x86.Build.0 = Release|Win32
		{30731632-95CB-4C9E-B83A-6FC28A630A18}.Debug|x64.ActiveCfg = Debug|x64
		{30731632-95CB-4C9E-B83A-6FC28A630A18}.Debug|x64.Build.0 = Debug|x64
		{30731632-95CB-4C9E-B83A-6FC28A630A18}.Debug|x86.ActiveCfg = Debug|Win32
		{30731632-95CB-4C9E-B83A-6FC28A630A18}.Debug|x86.Build.0 = Debug|Win32
		{30731632-95CB-4C9E-B83A-6FC28A630A18}.Release|x64.ActiveCfg = Release|x64
		{30731632-95CB-4C9E-B83A-6FC28A630A18}.Release|x64.Build.0 = Release|x64
		{30731632-95CB-4C9E-B83A-6FC28A630A18}.Release|x86.ActiveCfg = Release|Win32
		{30731632-95CB-4C9E-B83A-6FC28A630A18}.Release|x86.Build.0 = Release|Win32
		{7B1C774B-FEB8-4011-B5E5-7B18F384C350}.Debug|x64.ActiveCfg = Debug|x64
		{7B1C774B-FEB8-4011-B5E5-7B18F384C350}.Debug|x64.Build.0 = Debug|x64
		{7B1C774B-FEB8-4011-B5E5-7B18F384C350}.Debug|x86.ActiveCfg = Debug|Win32
		{7B1C774B-FEB8-4011-B5E5-7B18F384C350}.Debug|x86.Build.0 = Debug|Win32
		{7B1C774B-FEB8-4011-B5E5-7B18F384C350}.Release|x64.ActiveCfg = Release|x64
		{7B1C774B-FEB8-4011-B5E5-7B18F384C350}.Release|x64.Build.0 = Release|x64
		{7B1C774B-FEB8-4011-B5E5-7B18F384C350}.Release|x86.ActiveCfg = Release|Win32
		{7B1C774B-FEB8-4011-B5E5-7B18F384C350}.Release|x86.Build.0 = Release|Win32
		{440AAB0A-F251-4A78-AA39-F7927183141F}.Debug|x64.ActiveCfg = Debug|x64
		{440AAB0A-F251-4A78-AA39-F7927183141F}.Debug|x64.Build.0 = Debug|x64
		{440AAB0A-F251-4A78-AA39-F7927183141F}.Debug|x86.ActiveCfg = Debug|Win32
		{440AAB0A-F251-4A78-AA39-F7927183141F}.Debug|x86.Build.0 = Debug|Win32
		{440AAB0A-F251-4A78-AA39-F7927183141F}.Release|x64.ActiveCfg = Release|x64
		{440AAB0A-F251-4A78-AA39-F7927183141F}.Release|x64.Build.0 = Release|x64
		{440AAB0A-F251-4A78-AA39-F7927183141F}.Release|x86.ActiveCfg = Release|Win32
		{440AAB0A-F251-4A78-AA39-F7927183141F}.Release|x86.Build.0 = Release|Win32
		{CDE9EC24-A226-44EC-932D-BAF34D960890}.Debug|x64.ActiveCfg = Debug|x64
		{CDE9EC24-A226-44EC-932D-BAF34D960890}.Debug|x64.Build.0 = Debug|x64
		{CDE9EC24-A226-44EC-932D-BAF34D960890}.Debug|x86.ActiveCfg = Debug|Win32
		{CDE9EC24-A226-44EC-932D-BAF34D960890}.Debug|x86.Build.0 = Debug|Win32
		{CDE9EC24-A226-44EC-932D-BAF34D960890}.Release|x64.ActiveCfg = Release|x64
		{CDE9EC24-A226-44EC-932D-BAF34D960890}.Release|x64.Build.0 = Release|x64
		{CDE9EC24-A226-44EC-932D-BAF34D960890}.Release|x86.ActiveCfg = Release|Win32
		{CDE9EC24-A226-44EC-932D-BAF34D960890}.Release|x86.Build.0 = Release|Win32
		{E772631E-0CDB-4E13-A139-80CBF1D085E2}.Debug|x64.ActiveCfg = Debug|x64
		{E772631E-0CDB-4E13-A139-80CBF1D085E2}.Debug|x64.Build.0 = Debug|x64
		{E772631E-0CDB-4E13-A139-80CBF1D085E2}.Debug|x86.ActiveCfg = Debug|Win32
		{E772631E-0CDB-4E13-A139-80CBF1D085E2}.Debug|x86.Build.0 = Debug|Win32
		{E772631E-0CDB-4E13-A139-80CBF1D085E2}.Release|x64.ActiveCfg = Release|x64
		{E772631E-0CDB-4E13-A139-80CBF1D085E2}.Release|x64.Build.0 = Release|x64
		{E772631E-0CDB-4E13-A139-80CBF1D085E2}.Release|x86.ActiveCfg = Release|Win32
		{E772631E-0CDB-4E13-A139-80CBF1D085E2}.Release|x86.Build.0 = Release|Win32
		{96E72EF7-AC2A-4AA7-BF82-62891ADF9274}.Debug|x64.ActiveCfg = Debug|x64
		{96E72EF7-AC2A-4AA7-BF82-62891ADF9274}.Debug|x64.Build.0 = Debug|x64
		{96E72EF7-AC2A-4AA7-BF82-62891ADF9274}.Debug|x86.ActiveCfg = Debug|Win32
		{96E72EF7-AC2A-4AA7-BF82-62891ADF9274}.Debug|x86.Build.0 = Debug|Win32
		{96E72EF7-AC2A-4AA7-BF82-62891ADF9274}.Release|x64.ActiveCfg = Release|x64
		{96E72EF7-AC2A-4AA7-BF82-62891ADF9274}.Release|x64.Build.0 = Release|x64
		{96E72EF7-AC2A-4AA7-BF82-62891ADF9274}.Release|x86.ActiveCfg = Release|Win32
		{96E72EF7-AC2A-4AA7-BF82-62891ADF9274}.Release|x86.Build.0 = Release|Win32
		{3B3FA8B2-98AF-4DF7-AA61-9E6DA103BC20}.Debug|x64.ActiveCfg = Debug|x64
		{3B3FA8B2-98AF-4DF7-AA61-9E6DA103BC20}.Debug|x64.Build.0 = Debug|x64
		{3B3FA8B2-98AF-4DF7-AA61-9E6DA103BC20}.Debug|x86.ActiveCfg = Debug|Win32
		{3B3FA8B2-98AF-4DF7-AA61-9E6DA103BC20}.Debug|x86.Build.0 = Debug|Win32
		{3B3FA8B2-98AF-4DF7-AA61-9E6DA103BC20}.Release|x64.ActiveCfg = Release|x64
		{3B3FA8B2-98AF-4DF7-AA61-9E6DA103BC20}.Release|x64.Build.0 = Release|x64
		{3B3FA8B2-98AF-4DF7-AA61-9E6DA103BC20}.Release|x86.ActiveCfg = Release|Win32
		{3B3FA8B2-98AF-4DF7-AA61-9E6DA103BC20}.Release|x86.Build.0 = Release|Win32
	EndGlobalSection
	GlobalSection(SolutionProperties) = preSolution
		HideSolutionNode = FALSE
	EndGlobalSection
	GlobalSection(ExtensibilityGlobals) = postSolution
		SolutionGuid = {DC3249B8-2CFA-484A-8CC6-C866E0F02CDC}
	EndGlobalSection
EndGlobal
